github.com/aldianp/go-basic-helper v1.0.0 h1:rgWk/OntDR89Ngx486wYAfvdSrNkBh2DSbYoPIPcqhQ=
github.com/aldianp/go-basic-helper v1.0.0/go.mod h1:0kCBIHz2yS35jYUhzO4g8LY+QWYT8K6bDxQSibbXRzM=
github.com/aldianp/go-basic-helper v1.0.1 h1:kkbazAL+aM7FFqOJCyufj+ChYsAvicKU/qiKseWElnU=
github.com/aldianp/go-basic-helper v1.0.1/go.mod h1:0kCBIHz2yS35jYUhzO4g8LY+QWYT8K6bDxQSibbXRzM=
